
Microsoft Visual Studio Solution File, Format Version 12.00
# Visual Studio Version 16
VisualStudioVersion = 16.0.31229.75
MinimumVisualStudioVersion = 10.0.40219.1
Global
	GlobalSection(SolutionConfigurationPlatforms) = preSolution
		Debug|Any CPU = Debug|Any CPU
		Release|Any CPU = Release|Any CPU
	EndGlobalSection
	GlobalSection(ProjectConfigurationPlatforms) = postSolution
		{5CE41C05-5522-40DC-A453-3B74F20B2EB3}.Debug|Any CPU.ActiveCfg = Debug|Any CPU
		{5CE41C05-5522-40DC-A453-3B74F20B2EB3}.Debug|Any CPU.Build.0 = Debug|Any CPU
		{5CE41C05-5522-40DC-A453-3B74F20B2EB3}.Release|Any CPU.ActiveCfg = Release|Any CPU
		{5CE41C05-5522-40DC-A453-3B74F20B2EB3}.Release|Any CPU.Build.0 = Release|Any CPU
		{981AC559-BC9A-4B80-9B42-C01378F23097}.Debug|Any CPU.ActiveCfg = Debug|Any CPU
		{981AC559-BC9A-4B80-9B42-C01378F23097}.Debug|Any CPU.Build.0 = Debug|Any CPU
		{981AC559-BC9A-4B80-9B42-C01378F23097}.Release|Any CPU.ActiveCfg = Release|Any CPU
		{981AC559-BC9A-4B80-9B42-C01378F23097}.Release|Any CPU.Build.0 = Release|Any CPU
	EndGlobalSection
	GlobalSection(SolutionProperties) = preSolution
		HideSolutionNode = FALSE
	EndGlobalSection
	GlobalSection(ExtensibilityGlobals) = postSolution
		SolutionGuid = {3DD26885-5C50-4CEC-BEC1-0174DB6BB4E8}
	EndGlobalSection
EndGlobal
